// !$*UTF8*$!
{
	archiveVersion = 1;
	classes = {
	};
	objectVersion = 46;
	objects = {

/* Begin PBXBuildFile section */
		B818D3C81F835249B40D012C /* Pods_Minesweeper.framework in Frameworks */ = {isa = PBXBuildFile; fileRef = 40909C24C87FFE2ECA8FD606 /* Pods_Minesweeper.framework */; settings = {ATTRIBUTES = (Weak, ); }; };
		E914F8F21B62ADEE001AFB80 /* Theme.swift in Sources */ = {isa = PBXBuildFile; fileRef = E914F8F11B62ADEE001AFB80 /* Theme.swift */; };
		E9307D571B7BC97D006BBEFA /* StoreKit.framework in Frameworks */ = {isa = PBXBuildFile; fileRef = E9307D561B7BC97D006BBEFA /* StoreKit.framework */; };
		E949E1801B66CD30002E154A /* LaunchScreen.storyboard in Resources */ = {isa = PBXBuildFile; fileRef = E949E17F1B66CD30002E154A /* LaunchScreen.storyboard */; };
		E9B5BACC1BC8293C007C2C78 /* BannerViewController.swift in Sources */ = {isa = PBXBuildFile; fileRef = E9B5BACB1BC8293C007C2C78 /* BannerViewController.swift */; settings = {ASSET_TAGS = (); }; };
		E9D3DEB11B6143A700C562E3 /* AppDelegate.swift in Sources */ = {isa = PBXBuildFile; fileRef = E9D3DEB01B6143A700C562E3 /* AppDelegate.swift */; };
		E9D3DEB81B6143A700C562E3 /* Images.xcassets in Resources */ = {isa = PBXBuildFile; fileRef = E9D3DEB71B6143A700C562E3 /* Images.xcassets */; };
		E9D3DEC71B6143A700C562E3 /* MinesweeperTests.swift in Sources */ = {isa = PBXBuildFile; fileRef = E9D3DEC61B6143A700C562E3 /* MinesweeperTests.swift */; };
		E9D3DED21B6143BD00C562E3 /* Board.swift in Sources */ = {isa = PBXBuildFile; fileRef = E9D3DED11B6143BD00C562E3 /* Board.swift */; };
		E9D3DED41B61448900C562E3 /* Tile.swift in Sources */ = {isa = PBXBuildFile; fileRef = E9D3DED31B61448900C562E3 /* Tile.swift */; };
		E9D3DED81B6162B900C562E3 /* SpriteKit.framework in Frameworks */ = {isa = PBXBuildFile; fileRef = E9D3DED71B6162B900C562E3 /* SpriteKit.framework */; };
		E9D3DEDC1B616EFE00C562E3 /* GameScene.swift in Sources */ = {isa = PBXBuildFile; fileRef = E9D3DEDB1B616EFE00C562E3 /* GameScene.swift */; };
		E9D3DEDE1B61785100C562E3 /* GameViewController.swift in Sources */ = {isa = PBXBuildFile; fileRef = E9D3DEDD1B61785100C562E3 /* GameViewController.swift */; };
		E9DF513E1B79299500C32997 /* SettingsViewController.swift in Sources */ = {isa = PBXBuildFile; fileRef = E9DF513D1B79299500C32997 /* SettingsViewController.swift */; };
		E9DF51401B792B5D00C32997 /* Settings.swift in Sources */ = {isa = PBXBuildFile; fileRef = E9DF513F1B792B5D00C32997 /* Settings.swift */; };
		E9E693521B680E0600FBB719 /* AudioToolbox.framework in Frameworks */ = {isa = PBXBuildFile; fileRef = E9E693511B680E0600FBB719 /* AudioToolbox.framework */; };
		E9EBE86B1B6280AE00EEF1BA /* Pods_Minesweeper.framework in Embed Frameworks */ = {isa = PBXBuildFile; fileRef = 40909C24C87FFE2ECA8FD606 /* Pods_Minesweeper.framework */; settings = {ATTRIBUTES = (CodeSignOnCopy, RemoveHeadersOnCopy, ); }; };
/* End PBXBuildFile section */

/* Begin PBXContainerItemProxy section */
		E9D3DEC11B6143A700C562E3 /* PBXContainerItemProxy */ = {
			isa = PBXContainerItemProxy;
			containerPortal = E9D3DEA31B6143A700C562E3 /* Project object */;
			proxyType = 1;
			remoteGlobalIDString = E9D3DEAA1B6143A700C562E3;
			remoteInfo = Minesweeper;
		};
/* End PBXContainerItemProxy section */

/* Begin PBXCopyFilesBuildPhase section */
		E9EBE86C1B6280AF00EEF1BA /* Embed Frameworks */ = {
			isa = PBXCopyFilesBuildPhase;
			buildActionMask = 2147483647;
			dstPath = "";
			dstSubfolderSpec = 10;
			files = (
				E9EBE86B1B6280AE00EEF1BA /* Pods_Minesweeper.framework in Embed Frameworks */,
			);
			name = "Embed Frameworks";
			runOnlyForDeploymentPostprocessing = 0;
		};
/* End PBXCopyFilesBuildPhase section */

/* Begin PBXFileReference section */
		40909C24C87FFE2ECA8FD606 /* Pods_Minesweeper.framework */ = {isa = PBXFileReference; explicitFileType = wrapper.framework; includeInIndex = 0; path = Pods_Minesweeper.framework; sourceTree = BUILT_PRODUCTS_DIR; };
		8598DCF7A94965A8CAEAF2F6 /* Pods-Minesweeper.debug.xcconfig */ = {isa = PBXFileReference; includeInIndex = 1; lastKnownFileType = text.xcconfig; name = "Pods-Minesweeper.debug.xcconfig"; path = "Pods/Target Support Files/Pods-Minesweeper/Pods-Minesweeper.debug.xcconfig"; sourceTree = "<group>"; };
		D4619E491D1F49A0C83C20CB /* Pods-Minesweeper.release.xcconfig */ = {isa = PBXFileReference; includeInIndex = 1; lastKnownFileType = text.xcconfig; name = "Pods-Minesweeper.release.xcconfig"; path = "Pods/Target Support Files/Pods-Minesweeper/Pods-Minesweeper.release.xcconfig"; sourceTree = "<group>"; };
		E914F8F11B62ADEE001AFB80 /* Theme.swift */ = {isa = PBXFileReference; fileEncoding = 4; lastKnownFileType = sourcecode.swift; path = Theme.swift; sourceTree = "<group>"; };
		E9307D561B7BC97D006BBEFA /* StoreKit.framework */ = {isa = PBXFileReference; lastKnownFileType = wrapper.framework; name = StoreKit.framework; path = System/Library/Frameworks/StoreKit.framework; sourceTree = SDKROOT; };
		E949E17F1B66CD30002E154A /* LaunchScreen.storyboard */ = {isa = PBXFileReference; fileEncoding = 4; lastKnownFileType = file.storyboard; path = LaunchScreen.storyboard; sourceTree = "<group>"; };
		E9B5BACB1BC8293C007C2C78 /* BannerViewController.swift */ = {isa = PBXFileReference; fileEncoding = 4; lastKnownFileType = sourcecode.swift; path = BannerViewController.swift; sourceTree = "<group>"; };
		E9D3DEAB1B6143A700C562E3 /* Minesweeper.app */ = {isa = PBXFileReference; explicitFileType = wrapper.application; includeInIndex = 0; path = Minesweeper.app; sourceTree = BUILT_PRODUCTS_DIR; };
		E9D3DEAF1B6143A700C562E3 /* Info.plist */ = {isa = PBXFileReference; lastKnownFileType = text.plist.xml; path = Info.plist; sourceTree = "<group>"; };
		E9D3DEB01B6143A700C562E3 /* AppDelegate.swift */ = {isa = PBXFileReference; lastKnownFileType = sourcecode.swift; path = AppDelegate.swift; sourceTree = "<group>"; };
		E9D3DEB71B6143A700C562E3 /* Images.xcassets */ = {isa = PBXFileReference; lastKnownFileType = folder.assetcatalog; path = Images.xcassets; sourceTree = "<group>"; };
		E9D3DEC01B6143A700C562E3 /* MinesweeperTests.xctest */ = {isa = PBXFileReference; explicitFileType = wrapper.cfbundle; includeInIndex = 0; path = MinesweeperTests.xctest; sourceTree = BUILT_PRODUCTS_DIR; };
		E9D3DEC51B6143A700C562E3 /* Info.plist */ = {isa = PBXFileReference; lastKnownFileType = text.plist.xml; path = Info.plist; sourceTree = "<group>"; };
		E9D3DEC61B6143A700C562E3 /* MinesweeperTests.swift */ = {isa = PBXFileReference; lastKnownFileType = sourcecode.swift; path = MinesweeperTests.swift; sourceTree = "<group>"; };
		E9D3DED11B6143BD00C562E3 /* Board.swift */ = {isa = PBXFileReference; fileEncoding = 4; lastKnownFileType = sourcecode.swift; path = Board.swift; sourceTree = "<group>"; };
		E9D3DED31B61448900C562E3 /* Tile.swift */ = {isa = PBXFileReference; fileEncoding = 4; lastKnownFileType = sourcecode.swift; path = Tile.swift; sourceTree = "<group>"; };
		E9D3DED71B6162B900C562E3 /* SpriteKit.framework */ = {isa = PBXFileReference; lastKnownFileType = wrapper.framework; name = SpriteKit.framework; path = System/Library/Frameworks/SpriteKit.framework; sourceTree = SDKROOT; };
		E9D3DED91B6162C200C562E3 /* iAd.framework */ = {isa = PBXFileReference; lastKnownFileType = wrapper.framework; name = iAd.framework; path = System/Library/Frameworks/iAd.framework; sourceTree = SDKROOT; };
		E9D3DEDB1B616EFE00C562E3 /* GameScene.swift */ = {isa = PBXFileReference; fileEncoding = 4; lastKnownFileType = sourcecode.swift; path = GameScene.swift; sourceTree = "<group>"; };
		E9D3DEDD1B61785100C562E3 /* GameViewController.swift */ = {isa = PBXFileReference; fileEncoding = 4; lastKnownFileType = sourcecode.swift; path = GameViewController.swift; sourceTree = "<group>"; };
		E9DF513D1B79299500C32997 /* SettingsViewController.swift */ = {isa = PBXFileReference; fileEncoding = 4; lastKnownFileType = sourcecode.swift; path = SettingsViewController.swift; sourceTree = "<group>"; };
		E9DF513F1B792B5D00C32997 /* Settings.swift */ = {isa = PBXFileReference; fileEncoding = 4; lastKnownFileType = sourcecode.swift; path = Settings.swift; sourceTree = "<group>"; };
		E9E693511B680E0600FBB719 /* AudioToolbox.framework */ = {isa = PBXFileReference; lastKnownFileType = wrapper.framework; name = AudioToolbox.framework; path = System/Library/Frameworks/AudioToolbox.framework; sourceTree = SDKROOT; };
/* End PBXFileReference section */

/* Begin PBXFrameworksBuildPhase section */
		E9D3DEA81B6143A700C562E3 /* Frameworks */ = {
			isa = PBXFrameworksBuildPhase;
			buildActionMask = 2147483647;
			files = (
				E9307D571B7BC97D006BBEFA /* StoreKit.framework in Frameworks */,
				E9E693521B680E0600FBB719 /* AudioToolbox.framework in Frameworks */,
				E9D3DED81B6162B900C562E3 /* SpriteKit.framework in Frameworks */,
				B818D3C81F835249B40D012C /* Pods_Minesweeper.framework in Frameworks */,
			);
			runOnlyForDeploymentPostprocessing = 0;
		};
		E9D3DEBD1B6143A700C562E3 /* Frameworks */ = {
			isa = PBXFrameworksBuildPhase;
			buildActionMask = 2147483647;
			files = (
			);
			runOnlyForDeploymentPostprocessing = 0;
		};
/* End PBXFrameworksBuildPhase section */

/* Begin PBXGroup section */
		6DEB5DB17F8F23D9EBA57C8A /* Frameworks */ = {
			isa = PBXGroup;
			children = (
				E9307D561B7BC97D006BBEFA /* StoreKit.framework */,
				E9E693511B680E0600FBB719 /* AudioToolbox.framework */,
				E9D3DED91B6162C200C562E3 /* iAd.framework */,
				E9D3DED71B6162B900C562E3 /* SpriteKit.framework */,
				40909C24C87FFE2ECA8FD606 /* Pods_Minesweeper.framework */,
			);
			name = Frameworks;
			sourceTree = "<group>";
		};
		9028EBA1CE5BC9E84F82168C /* Pods */ = {
			isa = PBXGroup;
			children = (
				8598DCF7A94965A8CAEAF2F6 /* Pods-Minesweeper.debug.xcconfig */,
				D4619E491D1F49A0C83C20CB /* Pods-Minesweeper.release.xcconfig */,
			);
			name = Pods;
			sourceTree = "<group>";
		};
		E9D3DEA21B6143A700C562E3 = {
			isa = PBXGroup;
			children = (
				E9D3DEAD1B6143A700C562E3 /* Minesweeper */,
				E9D3DEC31B6143A700C562E3 /* MinesweeperTests */,
				E9D3DEAC1B6143A700C562E3 /* Products */,
				9028EBA1CE5BC9E84F82168C /* Pods */,
				6DEB5DB17F8F23D9EBA57C8A /* Frameworks */,
			);
			sourceTree = "<group>";
		};
		E9D3DEAC1B6143A700C562E3 /* Products */ = {
			isa = PBXGroup;
			children = (
				E9D3DEAB1B6143A700C562E3 /* Minesweeper.app */,
				E9D3DEC01B6143A700C562E3 /* MinesweeperTests.xctest */,
			);
			name = Products;
			sourceTree = "<group>";
		};
		E9D3DEAD1B6143A700C562E3 /* Minesweeper */ = {
			isa = PBXGroup;
			children = (
				E9D3DEB01B6143A700C562E3 /* AppDelegate.swift */,
				E9D3DED01B6143B100C562E3 /* Core */,
				E9D3DED51B61627700C562E3 /* UI */,
				E9D3DEB71B6143A700C562E3 /* Images.xcassets */,
				E9D3DEAE1B6143A700C562E3 /* Supporting Files */,
			);
			path = Minesweeper;
			sourceTree = "<group>";
		};
		E9D3DEAE1B6143A700C562E3 /* Supporting Files */ = {
			isa = PBXGroup;
			children = (
				E9D3DEAF1B6143A700C562E3 /* Info.plist */,
			);
			name = "Supporting Files";
			sourceTree = "<group>";
		};
		E9D3DEC31B6143A700C562E3 /* MinesweeperTests */ = {
			isa = PBXGroup;
			children = (
				E9D3DEC61B6143A700C562E3 /* MinesweeperTests.swift */,
				E9D3DEC41B6143A700C562E3 /* Supporting Files */,
			);
			path = MinesweeperTests;
			sourceTree = "<group>";
		};
		E9D3DEC41B6143A700C562E3 /* Supporting Files */ = {
			isa = PBXGroup;
			children = (
				E9D3DEC51B6143A700C562E3 /* Info.plist */,
			);
			name = "Supporting Files";
			sourceTree = "<group>";
		};
		E9D3DED01B6143B100C562E3 /* Core */ = {
			isa = PBXGroup;
			children = (
				E9D3DED11B6143BD00C562E3 /* Board.swift */,
				E9D3DED31B61448900C562E3 /* Tile.swift */,
				E9DF513F1B792B5D00C32997 /* Settings.swift */,
			);
			name = Core;
			sourceTree = "<group>";
		};
		E9D3DED51B61627700C562E3 /* UI */ = {
			isa = PBXGroup;
			children = (
				E949E17F1B66CD30002E154A /* LaunchScreen.storyboard */,
				E914F8F11B62ADEE001AFB80 /* Theme.swift */,
				E9B5BACB1BC8293C007C2C78 /* BannerViewController.swift */,
				E9D3DEDB1B616EFE00C562E3 /* GameScene.swift */,
				E9D3DEDD1B61785100C562E3 /* GameViewController.swift */,
				E9DF513D1B79299500C32997 /* SettingsViewController.swift */,
			);
			name = UI;
			sourceTree = "<group>";
		};
/* End PBXGroup section */

/* Begin PBXNativeTarget section */
		E9D3DEAA1B6143A700C562E3 /* Minesweeper */ = {
			isa = PBXNativeTarget;
			buildConfigurationList = E9D3DECA1B6143A700C562E3 /* Build configuration list for PBXNativeTarget "Minesweeper" */;
			buildPhases = (
				19B2C78E466BFF00C7CB4CEB /* Check Pods Manifest.lock */,
				E9D3DEA71B6143A700C562E3 /* Sources */,
				E9D3DEA81B6143A700C562E3 /* Frameworks */,
				E9D3DEA91B6143A700C562E3 /* Resources */,
				E5113D96916C76DF2C20D479 /* Copy Pods Resources */,
				096E6F5B28806DFF9F7F0C39 /* Embed Pods Frameworks */,
				E9EBE86C1B6280AF00EEF1BA /* Embed Frameworks */,
			);
			buildRules = (
			);
			dependencies = (
			);
			name = Minesweeper;
			productName = Minesweeper;
			productReference = E9D3DEAB1B6143A700C562E3 /* Minesweeper.app */;
			productType = "com.apple.product-type.application";
		};
		E9D3DEBF1B6143A700C562E3 /* MinesweeperTests */ = {
			isa = PBXNativeTarget;
			buildConfigurationList = E9D3DECD1B6143A700C562E3 /* Build configuration list for PBXNativeTarget "MinesweeperTests" */;
			buildPhases = (
				E9D3DEBC1B6143A700C562E3 /* Sources */,
				E9D3DEBD1B6143A700C562E3 /* Frameworks */,
				E9D3DEBE1B6143A700C562E3 /* Resources */,
			);
			buildRules = (
			);
			dependencies = (
				E9D3DEC21B6143A700C562E3 /* PBXTargetDependency */,
			);
			name = MinesweeperTests;
			productName = MinesweeperTests;
			productReference = E9D3DEC01B6143A700C562E3 /* MinesweeperTests.xctest */;
			productType = "com.apple.product-type.bundle.unit-test";
		};
/* End PBXNativeTarget section */

/* Begin PBXProject section */
		E9D3DEA31B6143A700C562E3 /* Project object */ = {
			isa = PBXProject;
			attributes = {
				LastSwiftUpdateCheck = 0700;
				LastUpgradeCheck = 0700;
				ORGANIZATIONNAME = "Thomas Durand";
				TargetAttributes = {
					E9D3DEAA1B6143A700C562E3 = {
						CreatedOnToolsVersion = 6.4;
						DevelopmentTeam = 6EL5V5QVB4;
					};
					E9D3DEBF1B6143A700C562E3 = {
						CreatedOnToolsVersion = 6.4;
						TestTargetID = E9D3DEAA1B6143A700C562E3;
					};
				};
			};
			buildConfigurationList = E9D3DEA61B6143A700C562E3 /* Build configuration list for PBXProject "Minesweeper" */;
			compatibilityVersion = "Xcode 3.2";
			developmentRegion = English;
			hasScannedForEncodings = 0;
			knownRegions = (
				en,
				Base,
			);
			mainGroup = E9D3DEA21B6143A700C562E3;
			productRefGroup = E9D3DEAC1B6143A700C562E3 /* Products */;
			projectDirPath = "";
			projectRoot = "";
			targets = (
				E9D3DEAA1B6143A700C562E3 /* Minesweeper */,
				E9D3DEBF1B6143A700C562E3 /* MinesweeperTests */,
			);
		};
/* End PBXProject section */

/* Begin PBXResourcesBuildPhase section */
		E9D3DEA91B6143A700C562E3 /* Resources */ = {
			isa = PBXResourcesBuildPhase;
			buildActionMask = 2147483647;
			files = (
				E949E1801B66CD30002E154A /* LaunchScreen.storyboard in Resources */,
				E9D3DEB81B6143A700C562E3 /* Images.xcassets in Resources */,
			);
			runOnlyForDeploymentPostprocessing = 0;
		};
		E9D3DEBE1B6143A700C562E3 /* Resources */ = {
			isa = PBXResourcesBuildPhase;
			buildActionMask = 2147483647;
			files = (
			);
			runOnlyForDeploymentPostprocessing = 0;
		};
/* End PBXResourcesBuildPhase section */

/* Begin PBXShellScriptBuildPhase section */
		096E6F5B28806DFF9F7F0C39 /* Embed Pods Frameworks */ = {
			isa = PBXShellScriptBuildPhase;
			buildActionMask = 2147483647;
			files = (
			);
			inputPaths = (
			);
			name = "Embed Pods Frameworks";
			outputPaths = (
			);
			runOnlyForDeploymentPostprocessing = 0;
			shellPath = /bin/sh;
			shellScript = "\"${SRCROOT}/Pods/Target Support Files/Pods-Minesweeper/Pods-Minesweeper-frameworks.sh\"\n";
			showEnvVarsInLog = 0;
		};
		19B2C78E466BFF00C7CB4CEB /* Check Pods Manifest.lock */ = {
			isa = PBXShellScriptBuildPhase;
			buildActionMask = 2147483647;
			files = (
			);
			inputPaths = (
			);
			name = "Check Pods Manifest.lock";
			outputPaths = (
			);
			runOnlyForDeploymentPostprocessing = 0;
			shellPath = /bin/sh;
			shellScript = "diff \"${PODS_ROOT}/../Podfile.lock\" \"${PODS_ROOT}/Manifest.lock\" > /dev/null\nif [[ $? != 0 ]] ; then\n    cat << EOM\nerror: The sandbox is not in sync with the Podfile.lock. Run 'pod install' or update your CocoaPods installation.\nEOM\n    exit 1\nfi\n";
			showEnvVarsInLog = 0;
		};
		E5113D96916C76DF2C20D479 /* Copy Pods Resources */ = {
			isa = PBXShellScriptBuildPhase;
			buildActionMask = 2147483647;
			files = (
			);
			inputPaths = (
			);
			name = "Copy Pods Resources";
			outputPaths = (
			);
			runOnlyForDeploymentPostprocessing = 0;
			shellPath = /bin/sh;
			shellScript = "\"${SRCROOT}/Pods/Target Support Files/Pods-Minesweeper/Pods-Minesweeper-resources.sh\"\n";
			showEnvVarsInLog = 0;
		};
/* End PBXShellScriptBuildPhase section */

/* Begin PBXSourcesBuildPhase section */
		E9D3DEA71B6143A700C562E3 /* Sources */ = {
			isa = PBXSourcesBuildPhase;
			buildActionMask = 2147483647;
			files = (
				E9B5BACC1BC8293C007C2C78 /* BannerViewController.swift in Sources */,
				E9D3DEDC1B616EFE00C562E3 /* GameScene.swift in Sources */,
				E9D3DED41B61448900C562E3 /* Tile.swift in Sources */,
				E9DF51401B792B5D00C32997 /* Settings.swift in Sources */,
				E9D3DEB11B6143A700C562E3 /* AppDelegate.swift in Sources */,
				E914F8F21B62ADEE001AFB80 /* Theme.swift in Sources */,
				E9D3DEDE1B61785100C562E3 /* GameViewController.swift in Sources */,
				E9DF513E1B79299500C32997 /* SettingsViewController.swift in Sources */,
				E9D3DED21B6143BD00C562E3 /* Board.swift in Sources */,
			);
			runOnlyForDeploymentPostprocessing = 0;
		};
		E9D3DEBC1B6143A700C562E3 /* Sources */ = {
			isa = PBXSourcesBuildPhase;
			buildActionMask = 2147483647;
			files = (
				E9D3DEC71B6143A700C562E3 /* MinesweeperTests.swift in Sources */,
			);
			runOnlyForDeploymentPostprocessing = 0;
		};
/* End PBXSourcesBuildPhase section */

/* Begin PBXTargetDependency section */
		E9D3DEC21B6143A700C562E3 /* PBXTargetDependency */ = {
			isa = PBXTargetDependency;
			target = E9D3DEAA1B6143A700C562E3 /* Minesweeper */;
			targetProxy = E9D3DEC11B6143A700C562E3 /* PBXContainerItemProxy */;
		};
/* End PBXTargetDependency section */

/* Begin XCBuildConfiguration section */
		E9D3DEC81B6143A700C562E3 /* Debug */ = {
			isa = XCBuildConfiguration;
			buildSettings = {
				ALWAYS_SEARCH_USER_PATHS = NO;
				CLANG_CXX_LANGUAGE_STANDARD = "gnu++0x";
				CLANG_CXX_LIBRARY = "libc++";
				CLANG_ENABLE_MODULES = YES;
				CLANG_ENABLE_OBJC_ARC = YES;
				CLANG_WARN_BOOL_CONVERSION = YES;
				CLANG_WARN_CONSTANT_CONVERSION = YES;
				CLANG_WARN_DIRECT_OBJC_ISA_USAGE = YES_ERROR;
				CLANG_WARN_EMPTY_BODY = YES;
				CLANG_WARN_ENUM_CONVERSION = YES;
				CLANG_WARN_INT_CONVERSION = YES;
				CLANG_WARN_OBJC_ROOT_CLASS = YES_ERROR;
				CLANG_WARN_UNREACHABLE_CODE = YES;
				CLANG_WARN__DUPLICATE_METHOD_MATCH = YES;
				"CODE_SIGN_IDENTITY[sdk=iphoneos*]" = "iPhone Developer";
				COPY_PHASE_STRIP = NO;
				DEBUG_INFORMATION_FORMAT = "dwarf-with-dsym";
				ENABLE_STRICT_OBJC_MSGSEND = YES;
				ENABLE_TESTABILITY = YES;
				GCC_C_LANGUAGE_STANDARD = gnu99;
				GCC_DYNAMIC_NO_PIC = NO;
				GCC_NO_COMMON_BLOCKS = YES;
				GCC_OPTIMIZATION_LEVEL = 0;
				GCC_PREPROCESSOR_DEFINITIONS = (
					"DEBUG=1",
					"$(inherited)",
				);
				GCC_SYMBOLS_PRIVATE_EXTERN = NO;
				GCC_WARN_64_TO_32_BIT_CONVERSION = YES;
				GCC_WARN_ABOUT_RETURN_TYPE = YES_ERROR;
				GCC_WARN_UNDECLARED_SELECTOR = YES;
				GCC_WARN_UNINITIALIZED_AUTOS = YES_AGGRESSIVE;
				GCC_WARN_UNUSED_FUNCTION = YES;
				GCC_WARN_UNUSED_VARIABLE = YES;
				IPHONEOS_DEPLOYMENT_TARGET = 8.4;
				MTL_ENABLE_DEBUG_INFO = YES;
				ONLY_ACTIVE_ARCH = YES;
				SDKROOT = iphoneos;
				SWIFT_OPTIMIZATION_LEVEL = "-Onone";
			};
			name = Debug;
		};
		E9D3DEC91B6143A700C562E3 /* Release */ = {
			isa = XCBuildConfiguration;
			buildSettings = {
				ALWAYS_SEARCH_USER_PATHS = NO;
				CLANG_CXX_LANGUAGE_STANDARD = "gnu++0x";
				CLANG_CXX_LIBRARY = "libc++";
				CLANG_ENABLE_MODULES = YES;
				CLANG_ENABLE_OBJC_ARC = YES;
				CLANG_WARN_BOOL_CONVERSION = YES;
				CLANG_WARN_CONSTANT_CONVERSION = YES;
				CLANG_WARN_DIRECT_OBJC_ISA_USAGE = YES_ERROR;
				CLANG_WARN_EMPTY_BODY = YES;
				CLANG_WARN_ENUM_CONVERSION = YES;
				CLANG_WARN_INT_CONVERSION = YES;
				CLANG_WARN_OBJC_ROOT_CLASS = YES_ERROR;
				CLANG_WARN_UNREACHABLE_CODE = YES;
				CLANG_WARN__DUPLICATE_METHOD_MATCH = YES;
				"CODE_SIGN_IDENTITY[sdk=iphoneos*]" = "iPhone Developer";
				COPY_PHASE_STRIP = NO;
				DEBUG_INFORMATION_FORMAT = "dwarf-with-dsym";
				ENABLE_NS_ASSERTIONS = NO;
				ENABLE_STRICT_OBJC_MSGSEND = YES;
				GCC_C_LANGUAGE_STANDARD = gnu99;
				GCC_NO_COMMON_BLOCKS = YES;
				GCC_WARN_64_TO_32_BIT_CONVERSION = YES;
				GCC_WARN_ABOUT_RETURN_TYPE = YES_ERROR;
				GCC_WARN_UNDECLARED_SELECTOR = YES;
				GCC_WARN_UNINITIALIZED_AUTOS = YES_AGGRESSIVE;
				GCC_WARN_UNUSED_FUNCTION = YES;
				GCC_WARN_UNUSED_VARIABLE = YES;
				IPHONEOS_DEPLOYMENT_TARGET = 8.4;
				MTL_ENABLE_DEBUG_INFO = NO;
				SDKROOT = iphoneos;
				VALIDATE_PRODUCT = YES;
			};
			name = Release;
		};
		E9D3DECB1B6143A700C562E3 /* Debug */ = {
			isa = XCBuildConfiguration;
			baseConfigurationReference = 8598DCF7A94965A8CAEAF2F6 /* Pods-Minesweeper.debug.xcconfig */;
			buildSettings = {
				ASSETCATALOG_COMPILER_APPICON_NAME = AppIcon;
				CODE_SIGN_IDENTITY = "iPhone Developer";
				INFOPLIST_FILE = Minesweeper/Info.plist;
				IPHONEOS_DEPLOYMENT_TARGET = 8.0;
				LD_RUNPATH_SEARCH_PATHS = "$(inherited) @executable_path/Frameworks";
				LIBRARY_SEARCH_PATHS = (
					"$(inherited)",
					"$(PROJECT_DIR)/build/Debug-iphoneos",
				);
				PRODUCT_BUNDLE_IDENTIFIER = "fr.Dean.$(PRODUCT_NAME:rfc1034identifier)";
				PRODUCT_NAME = "$(TARGET_NAME)";
				TARGETED_DEVICE_FAMILY = "1,2";
			};
			name = Debug;
		};
		E9D3DECC1B6143A700C562E3 /* Release */ = {
			isa = XCBuildConfiguration;
			baseConfigurationReference = D4619E491D1F49A0C83C20CB /* Pods-Minesweeper.release.xcconfig */;
			buildSettings = {
				ASSETCATALOG_COMPILER_APPICON_NAME = AppIcon;
				CODE_SIGN_IDENTITY = "iPhone Distribution";
				INFOPLIST_FILE = Minesweeper/Info.plist;
				IPHONEOS_DEPLOYMENT_TARGET = 8.0;
				LD_RUNPATH_SEARCH_PATHS = "$(inherited) @executable_path/Frameworks";
				LIBRARY_SEARCH_PATHS = (
					"$(inherited)",
					"$(PROJECT_DIR)/build/Debug-iphoneos",
				);
				PRODUCT_BUNDLE_IDENTIFIER = "fr.Dean.$(PRODUCT_NAME:rfc1034identifier)";
				PRODUCT_NAME = "$(TARGET_NAME)";
				TARGETED_DEVICE_FAMILY = "1,2";
			};
			name = Release;
		};
		E9D3DECE1B6143A700C562E3 /* Debug */ = {
			isa = XCBuildConfiguration;
			buildSettings = {
				BUNDLE_LOADER = "$(TEST_HOST)";
				FRAMEWORK_SEARCH_PATHS = (
					"$(SDKROOT)/Developer/Library/Frameworks",
					"$(inherited)",
				);
				GCC_PREPROCESSOR_DEFINITIONS = (
					"DEBUG=1",
					"$(inherited)",
				);
				INFOPLIST_FILE = MinesweeperTests/Info.plist;
				LD_RUNPATH_SEARCH_PATHS = "$(inherited) @executable_path/Frameworks @loader_path/Frameworks";
				PRODUCT_BUNDLE_IDENTIFIER = "fr.Dean.$(PRODUCT_NAME:rfc1034identifier)";
				PRODUCT_NAME = "$(TARGET_NAME)";
				TEST_HOST = "$(BUILT_PRODUCTS_DIR)/Minesweeper.app/Minesweeper";
			};
			name = Debug;
		};
		E9D3DECF1B6143A700C562E3 /* Release */ = {
			isa = XCBuildConfiguration;
			buildSettings = {
				BUNDLE_LOADER = "$(TEST_HOST)";
				FRAMEWORK_SEARCH_PATHS = (
					"$(SDKROOT)/Developer/Library/Frameworks",
					"$(inherited)",
				);
				INFOPLIST_FILE = MinesweeperTests/Info.plist;
				LD_RUNPATH_SEARCH_PATHS = "$(inherited) @executable_path/Frameworks @loader_path/Frameworks";
				PRODUCT_BUNDLE_IDENTIFIER = "fr.Dean.$(PRODUCT_NAME:rfc1034identifier)";
				PRODUCT_NAME = "$(TARGET_NAME)";
				TEST_HOST = "$(BUILT_PRODUCTS_DIR)/Minesweeper.app/Minesweeper";
			};
			name = Release;
		};
/* End XCBuildConfiguration section */

/* Begin XCConfigurationList section */
		E9D3DEA61B6143A700C562E3 /* Build configuration list for PBXProject "Minesweeper" */ = {
			isa = XCConfigurationList;
			buildConfigurations = (
				E9D3DEC81B6143A700C562E3 /* Debug */,
				E9D3DEC91B6143A700C562E3 /* Release */,
			);
			defaultConfigurationIsVisible = 0;
			defaultConfigurationName = Release;
		};
		E9D3DECA1B6143A700C562E3 /* Build configuration list for PBXNativeTarget "Minesweeper" */ = {
			isa = XCConfigurationList;
			buildConfigurations = (
				E9D3DECB1B6143A700C562E3 /* Debug */,
				E9D3DECC1B6143A700C562E3 /* Release */,
			);
			defaultConfigurationIsVisible = 0;
			defaultConfigurationName = Release;
		};
		E9D3DECD1B6143A700C562E3 /* Build configuration list for PBXNativeTarget "MinesweeperTests" */ = {
			isa = XCConfigurationList;
			buildConfigurations = (
				E9D3DECE1B6143A700C562E3 /* Debug */,
				E9D3DECF1B6143A700C562E3 /* Release */,
			);
			defaultConfigurationIsVisible = 0;
			defaultConfigurationName = Release;
		};
/* End XCConfigurationList section */
	};
	rootObject = E9D3DEA31B6143A700C562E3 /* Project object */;
}
